
Microsoft Visual Studio Solution File, Format Version 12.00
# Visual Studio Version 17
VisualStudioVersion = 17.12.35707.178
MinimumVisualStudioVersion = 10.0.40219.1
Project("{2150E333-8FDC-42A3-9474-1A3956D46DE8}") = "1. Presentation Layer", "1. Presentation Layer", "{5A641A8B-023D-4CF2-80D0-6E9AB8066F52}"
EndProject
Project("{2150E333-8FDC-42A3-9474-1A3956D46DE8}") = "2. Business Layer", "2. Business Layer", "{D83CEC05-F335-424E-9E7C-0004C8F8E2E0}"
EndProject
Project("{2150E333-8FDC-42A3-9474-1A3956D46DE8}") = "3. DataAccess Layer", "3. DataAccess Layer", "{87FC50F4-CF0F-4504-A5F9-AE95E1F21681}"
EndProject
Project("{FAE04EC0-301F-11D3-BF4B-00C04F79EFBC}") = "API", "API\API.csproj", "{AFC2AEC0-01C1-4793-9F98-DBC7DC972CEB}"
EndProject
Project("{FAE04EC0-301F-11D3-BF4B-00C04F79EFBC}") = "BusinessObject", "BusinessObject\BusinessObject.csproj", "{AE44E9C0-76A8-4928-A729-82F8D047931D}"
EndProject
Project("{FAE04EC0-301F-11D3-BF4B-00C04F79EFBC}") = "DataAccess", "DataAccess\DataAccess.csproj", "{57CABE84-6B1F-4990-802C-1476668483AC}"
EndProject
Project("{FAE04EC0-301F-11D3-BF4B-00C04F79EFBC}") = "PayOSService", "PayOSService\PayOSService.csproj", "{9C02A50D-C68C-443E-8568-8F29D5359D76}"
EndProject
Global
	GlobalSection(SolutionConfigurationPlatforms) = preSolution
		Debug|Any CPU = Debug|Any CPU
		Release|Any CPU = Release|Any CPU
	EndGlobalSection
	GlobalSection(ProjectConfigurationPlatforms) = postSolution
		{AFC2AEC0-01C1-4793-9F98-DBC7DC972CEB}.Debug|Any CPU.ActiveCfg = Debug|Any CPU
		{AFC2AEC0-01C1-4793-9F98-DBC7DC972CEB}.Debug|Any CPU.Build.0 = Debug|Any CPU
		{AFC2AEC0-01C1-4793-9F98-DBC7DC972CEB}.Release|Any CPU.ActiveCfg = Release|Any CPU
		{AFC2AEC0-01C1-4793-9F98-DBC7DC972CEB}.Release|Any CPU.Build.0 = Release|Any CPU
		{AE44E9C0-76A8-4928-A729-82F8D047931D}.Debug|Any CPU.ActiveCfg = Debug|Any CPU
		{AE44E9C0-76A8-4928-A729-82F8D047931D}.Debug|Any CPU.Build.0 = Debug|Any CPU
		{AE44E9C0-76A8-4928-A729-82F8D047931D}.Release|Any CPU.ActiveCfg = Release|Any CPU
		{AE44E9C0-76A8-4928-A729-82F8D047931D}.Release|Any CPU.Build.0 = Release|Any CPU
		{57CABE84-6B1F-4990-802C-1476668483AC}.Debug|Any CPU.ActiveCfg = Debug|Any CPU
		{57CABE84-6B1F-4990-802C-1476668483AC}.Debug|Any CPU.Build.0 = Debug|Any CPU
		{57CABE84-6B1F-4990-802C-1476668483AC}.Release|Any CPU.ActiveCfg = Release|Any CPU
		{57CABE84-6B1F-4990-802C-1476668483AC}.Release|Any CPU.Build.0 = Release|Any CPU
		{9C02A50D-C68C-443E-8568-8F29D5359D76}.Debug|Any CPU.ActiveCfg = Debug|Any CPU
		{9C02A50D-C68C-443E-8568-8F29D5359D76}.Debug|Any CPU.Build.0 = Debug|Any CPU
		{9C02A50D-C68C-443E-8568-8F29D5359D76}.Release|Any CPU.ActiveCfg = Release|Any CPU
		{9C02A50D-C68C-443E-8568-8F29D5359D76}.Release|Any CPU.Build.0 = Release|Any CPU
	EndGlobalSection
	GlobalSection(SolutionProperties) = preSolution
		HideSolutionNode = FALSE
	EndGlobalSection
	GlobalSection(NestedProjects) = preSolution
		{AFC2AEC0-01C1-4793-9F98-DBC7DC972CEB} = {5A641A8B-023D-4CF2-80D0-6E9AB8066F52}
		{AE44E9C0-76A8-4928-A729-82F8D047931D} = {D83CEC05-F335-424E-9E7C-0004C8F8E2E0}
		{57CABE84-6B1F-4990-802C-1476668483AC} = {87FC50F4-CF0F-4504-A5F9-AE95E1F21681}
		{9C02A50D-C68C-443E-8568-8F29D5359D76} = {87FC50F4-CF0F-4504-A5F9-AE95E1F21681}
	EndGlobalSection
EndGlobal
